{
  "nodes": {
    "catppuccin": {
      "locked": {
        "lastModified": 1734734291,
        "narHash": "sha256-CFX4diEQHKvZYjnhf7TLg20m3ge1O4vqgplsk/Kuaek=",
        "owner": "catppuccin",
        "repo": "nix",
        "rev": "1e4c3803b8da874ff75224ec8512cb173036bbd8",
        "type": "github"
      },
      "original": {
        "owner": "catppuccin",
        "repo": "nix",
        "type": "github"
      }
    },
    "firefox-addons": {
      "inputs": {
        "flake-utils": "flake-utils",
        "nixpkgs": [
          "nixpkgs"
        ]
      },
      "locked": {
        "dir": "pkgs/firefox-addons",
        "lastModified": 1734943800,
        "narHash": "sha256-T6tJ1fGRcVksmRqbDRsvYD3Qnw8AU3e2j0Im01twFcI=",
        "owner": "rycee",
        "repo": "nur-expressions",
        "rev": "2c702b4a038306dce64a90fc011c92ebabb82f63",
        "type": "gitlab"
      },
      "original": {
        "dir": "pkgs/firefox-addons",
        "owner": "rycee",
        "repo": "nur-expressions",
        "type": "gitlab"
      }
    },
    "flake-utils": {
      "locked": {
        "lastModified": 1629284811,
        "narHash": "sha256-JHgasjPR0/J1J3DRm4KxM4zTyAj4IOJY8vIl75v/kPI=",
        "owner": "numtide",
        "repo": "flake-utils",
        "rev": "c5d161cc0af116a2e17f54316f0bf43f0819785c",
        "type": "github"
      },
      "original": {
        "owner": "numtide",
        "repo": "flake-utils",
        "type": "github"
      }
    },
    "home-manager": {
      "inputs": {
        "nixpkgs": [
          "nixpkgs"
        ]
      },
      "locked": {
        "lastModified": 1734944412,
        "narHash": "sha256-36QfCAl8V6nMIRUCgiC79VriJPUXXkHuR8zQA1vAtSU=",
        "owner": "nix-community",
        "repo": "home-manager",
        "rev": "8264bfe3a064d704c57df91e34b795b6ac7bad9e",
        "type": "github"
      },
      "original": {
        "owner": "nix-community",
        "repo": "home-manager",
        "type": "github"
      }
    },
    "nixpkgs": {
      "locked": {
        "lastModified": 1734649271,
        "narHash": "sha256-4EVBRhOjMDuGtMaofAIqzJbg4Ql7Ai0PSeuVZTHjyKQ=",
        "owner": "nixos",
        "repo": "nixpkgs",
        "rev": "d70bd19e0a38ad4790d3913bf08fcbfc9eeca507",
        "type": "github"
      },
      "original": {
        "owner": "nixos",
        "ref": "nixos-unstable",
        "repo": "nixpkgs",
        "type": "github"
      }
    },
    "nixpkgs-stable": {
      "locked": {
        "lastModified": 1734940835,
        "narHash": "sha256-GpLqcABcVAd0z4Yx08CGhmMjm6dlUN0g0xJjc0Hw/30=",
        "owner": "nixos",
        "repo": "nixpkgs",
        "rev": "6e0eafbd8cbaaa4ae88a826d4d0470c28b2916a4",
        "type": "github"
      },
      "original": {
        "owner": "nixos",
        "ref": "nixpkgs-24.11-darwin",
        "repo": "nixpkgs",
        "type": "github"
      }
    },
    "root": {
      "inputs": {
        "catppuccin": "catppuccin",
        "firefox-addons": "firefox-addons",
        "home-manager": "home-manager",
        "nixpkgs": "nixpkgs",
        "nixpkgs-stable": "nixpkgs-stable"
      }
    }
  },
  "root": "root",
  "version": 7
}
